// !$*UTF8*$!
{
	archiveVersion = 1;
	classes = {
	};
	objectVersion = 50;
	objects = {

/* Begin PBXBuildFile section */
		6499780622089EC100E5C7BB /* MovieCollectionViewCell.swift in Sources */ = {isa = PBXBuildFile; fileRef = 6499780522089EC100E5C7BB /* MovieCollectionViewCell.swift */; };
		64B58023220890A1000DFDF0 /* AppDelegate.swift in Sources */ = {isa = PBXBuildFile; fileRef = 64B58022220890A1000DFDF0 /* AppDelegate.swift */; };
		64B58025220890A1000DFDF0 /* ViewController.swift in Sources */ = {isa = PBXBuildFile; fileRef = 64B58024220890A1000DFDF0 /* ViewController.swift */; };
		64B58028220890A1000DFDF0 /* Main.storyboard in Resources */ = {isa = PBXBuildFile; fileRef = 64B58026220890A1000DFDF0 /* Main.storyboard */; };
		64B5802A220890A6000DFDF0 /* Assets.xcassets in Resources */ = {isa = PBXBuildFile; fileRef = 64B58029220890A6000DFDF0 /* Assets.xcassets */; };
		64B5802D220890A6000DFDF0 /* LaunchScreen.storyboard in Resources */ = {isa = PBXBuildFile; fileRef = 64B5802B220890A6000DFDF0 /* LaunchScreen.storyboard */; };
		64B580362208938B000DFDF0 /* Movie.swift in Sources */ = {isa = PBXBuildFile; fileRef = 64B580352208938B000DFDF0 /* Movie.swift */; };
		64E02F40220BFB0A00648C5B /* APIConstants.swift in Sources */ = {isa = PBXBuildFile; fileRef = 64E02F3F220BFB0A00648C5B /* APIConstants.swift */; };
		64E02F43220C099E00648C5B /* UIView.swift in Sources */ = {isa = PBXBuildFile; fileRef = 64E02F42220C099E00648C5B /* UIView.swift */; };
		64E9287322093FEF00FABB41 /* MovieBL.swift in Sources */ = {isa = PBXBuildFile; fileRef = 64E9287222093FEF00FABB41 /* MovieBL.swift */; };
		64E92875220948FF00FABB41 /* no_image.png in Resources */ = {isa = PBXBuildFile; fileRef = 64E92874220948FF00FABB41 /* no_image.png */; };
		64ED9DEF2208AFC600D67CEE /* MyFileManager.swift in Sources */ = {isa = PBXBuildFile; fileRef = 64ED9DEE2208AFC600D67CEE /* MyFileManager.swift */; };
		64ED9DF22208C4F400D67CEE /* sort.png in Resources */ = {isa = PBXBuildFile; fileRef = 64ED9DF12208C4F300D67CEE /* sort.png */; };
		64F7A95D220897AF00387366 /* APIResponse.swift in Sources */ = {isa = PBXBuildFile; fileRef = 64F7A95C220897AF00387366 /* APIResponse.swift */; };
		64F7A9602208995E00387366 /* NetworkService.swift in Sources */ = {isa = PBXBuildFile; fileRef = 64F7A95F2208995E00387366 /* NetworkService.swift */; };
		64F7A96322089A9100387366 /* DetailsViewController.swift in Sources */ = {isa = PBXBuildFile; fileRef = 64F7A96222089A9100387366 /* DetailsViewController.swift */; };
		680412E97D2ADC5BEF3FEE86 /* Pods_MoviewDBTask.framework in Frameworks */ = {isa = PBXBuildFile; fileRef = 17CFEC1C3623A7328CA57F44 /* Pods_MoviewDBTask.framework */; };
/* End PBXBuildFile section */

/* Begin PBXFileReference section */
		17CFEC1C3623A7328CA57F44 /* Pods_MoviewDBTask.framework */ = {isa = PBXFileReference; explicitFileType = wrapper.framework; includeInIndex = 0; path = Pods_MoviewDBTask.framework; sourceTree = BUILT_PRODUCTS_DIR; };
		6499780522089EC100E5C7BB /* MovieCollectionViewCell.swift */ = {isa = PBXFileReference; lastKnownFileType = sourcecode.swift; path = MovieCollectionViewCell.swift; sourceTree = "<group>"; };
		64B5801F220890A1000DFDF0 /* MoviewDBTask.app */ = {isa = PBXFileReference; explicitFileType = wrapper.application; includeInIndex = 0; path = MoviewDBTask.app; sourceTree = BUILT_PRODUCTS_DIR; };
		64B58022220890A1000DFDF0 /* AppDelegate.swift */ = {isa = PBXFileReference; lastKnownFileType = sourcecode.swift; path = AppDelegate.swift; sourceTree = "<group>"; };
		64B58024220890A1000DFDF0 /* ViewController.swift */ = {isa = PBXFileReference; lastKnownFileType = sourcecode.swift; path = ViewController.swift; sourceTree = "<group>"; };
		64B58027220890A1000DFDF0 /* Base */ = {isa = PBXFileReference; lastKnownFileType = file.storyboard; name = Base; path = Base.lproj/Main.storyboard; sourceTree = "<group>"; };
		64B58029220890A6000DFDF0 /* Assets.xcassets */ = {isa = PBXFileReference; lastKnownFileType = folder.assetcatalog; path = Assets.xcassets; sourceTree = "<group>"; };
		64B5802C220890A6000DFDF0 /* Base */ = {isa = PBXFileReference; lastKnownFileType = file.storyboard; name = Base; path = Base.lproj/LaunchScreen.storyboard; sourceTree = "<group>"; };
		64B5802E220890A6000DFDF0 /* Info.plist */ = {isa = PBXFileReference; lastKnownFileType = text.plist.xml; path = Info.plist; sourceTree = "<group>"; };
		64B580352208938B000DFDF0 /* Movie.swift */ = {isa = PBXFileReference; lastKnownFileType = sourcecode.swift; path = Movie.swift; sourceTree = "<group>"; };
		64E02F3F220BFB0A00648C5B /* APIConstants.swift */ = {isa = PBXFileReference; lastKnownFileType = sourcecode.swift; path = APIConstants.swift; sourceTree = "<group>"; };
		64E02F42220C099E00648C5B /* UIView.swift */ = {isa = PBXFileReference; fileEncoding = 4; lastKnownFileType = sourcecode.swift; path = UIView.swift; sourceTree = "<group>"; };
		64E9287222093FEF00FABB41 /* MovieBL.swift */ = {isa = PBXFileReference; lastKnownFileType = sourcecode.swift; path = MovieBL.swift; sourceTree = "<group>"; };
		64E92874220948FF00FABB41 /* no_image.png */ = {isa = PBXFileReference; lastKnownFileType = image.png; path = no_image.png; sourceTree = "<group>"; };
		64ED9DEE2208AFC600D67CEE /* MyFileManager.swift */ = {isa = PBXFileReference; lastKnownFileType = sourcecode.swift; path = MyFileManager.swift; sourceTree = "<group>"; };
		64ED9DF12208C4F300D67CEE /* sort.png */ = {isa = PBXFileReference; lastKnownFileType = image.png; path = sort.png; sourceTree = "<group>"; };
		64F7A95C220897AF00387366 /* APIResponse.swift */ = {isa = PBXFileReference; lastKnownFileType = sourcecode.swift; path = APIResponse.swift; sourceTree = "<group>"; };
		64F7A95F2208995E00387366 /* NetworkService.swift */ = {isa = PBXFileReference; lastKnownFileType = sourcecode.swift; path = NetworkService.swift; sourceTree = "<group>"; };
		64F7A96222089A9100387366 /* DetailsViewController.swift */ = {isa = PBXFileReference; lastKnownFileType = sourcecode.swift; path = DetailsViewController.swift; sourceTree = "<group>"; };
		CD29F5BA10B028E3EAA2B64F /* Pods-MoviewDBTask.release.xcconfig */ = {isa = PBXFileReference; includeInIndex = 1; lastKnownFileType = text.xcconfig; name = "Pods-MoviewDBTask.release.xcconfig"; path = "Pods/Target Support Files/Pods-MoviewDBTask/Pods-MoviewDBTask.release.xcconfig"; sourceTree = "<group>"; };
		D8E4A16917740EDC4A9F3ACE /* Pods-MoviewDBTask.debug.xcconfig */ = {isa = PBXFileReference; includeInIndex = 1; lastKnownFileType = text.xcconfig; name = "Pods-MoviewDBTask.debug.xcconfig"; path = "Pods/Target Support Files/Pods-MoviewDBTask/Pods-MoviewDBTask.debug.xcconfig"; sourceTree = "<group>"; };
/* End PBXFileReference section */

/* Begin PBXFrameworksBuildPhase section */
		64B5801C220890A1000DFDF0 /* Frameworks */ = {
			isa = PBXFrameworksBuildPhase;
			buildActionMask = 2147483647;
			files = (
				680412E97D2ADC5BEF3FEE86 /* Pods_MoviewDBTask.framework in Frameworks */,
			);
			runOnlyForDeploymentPostprocessing = 0;
		};
/* End PBXFrameworksBuildPhase section */

/* Begin PBXGroup section */
		55D77328C2A7F0EC07A13FD5 /* Frameworks */ = {
			isa = PBXGroup;
			children = (
				17CFEC1C3623A7328CA57F44 /* Pods_MoviewDBTask.framework */,
			);
			name = Frameworks;
			sourceTree = "<group>";
		};
		64B58016220890A1000DFDF0 = {
			isa = PBXGroup;
			children = (
				64B58021220890A1000DFDF0 /* MoviewDBTask */,
				64B58020220890A1000DFDF0 /* Products */,
				C8ED9641C3B739728E9F63AB /* Pods */,
				55D77328C2A7F0EC07A13FD5 /* Frameworks */,
			);
			sourceTree = "<group>";
		};
		64B58020220890A1000DFDF0 /* Products */ = {
			isa = PBXGroup;
			children = (
				64B5801F220890A1000DFDF0 /* MoviewDBTask.app */,
			);
			name = Products;
			sourceTree = "<group>";
		};
		64B58021220890A1000DFDF0 /* MoviewDBTask */ = {
			isa = PBXGroup;
			children = (
				64E02F41220C098F00648C5B /* Extensions */,
				64E02F3E220BFAF800648C5B /* Constants */,
				64E9287122093FD900FABB41 /* BusinessLayer */,
				64ED9DF02208C4E900D67CEE /* resources */,
				64F7A96122089A6B00387366 /* PresentationLayer */,
				64F7A95E2208994000387366 /* NetworkService */,
				64B5803422089377000DFDF0 /* Models */,
				64B58022220890A1000DFDF0 /* AppDelegate.swift */,
				64B58026220890A1000DFDF0 /* Main.storyboard */,
				64B58029220890A6000DFDF0 /* Assets.xcassets */,
				64B5802B220890A6000DFDF0 /* LaunchScreen.storyboard */,
				64B5802E220890A6000DFDF0 /* Info.plist */,
			);
			path = MoviewDBTask;
			sourceTree = "<group>";
		};
		64B5803422089377000DFDF0 /* Models */ = {
			isa = PBXGroup;
			children = (
				64B580352208938B000DFDF0 /* Movie.swift */,
				64F7A95C220897AF00387366 /* APIResponse.swift */,
			);
			path = Models;
			sourceTree = "<group>";
		};
		64E02F3E220BFAF800648C5B /* Constants */ = {
			isa = PBXGroup;
			children = (
				64E02F3F220BFB0A00648C5B /* APIConstants.swift */,
			);
			path = Constants;
			sourceTree = "<group>";
		};
		64E02F41220C098F00648C5B /* Extensions */ = {
			isa = PBXGroup;
			children = (
				64E02F42220C099E00648C5B /* UIView.swift */,
			);
			path = Extensions;
			sourceTree = "<group>";
		};
		64E9287122093FD900FABB41 /* BusinessLayer */ = {
			isa = PBXGroup;
			children = (
				64E9287222093FEF00FABB41 /* MovieBL.swift */,
			);
			path = BusinessLayer;
			sourceTree = "<group>";
		};
		64ED9DF02208C4E900D67CEE /* resources */ = {
			isa = PBXGroup;
			children = (
				64ED9DF12208C4F300D67CEE /* sort.png */,
				64E92874220948FF00FABB41 /* no_image.png */,
			);
			path = resources;
			sourceTree = "<group>";
		};
		64F7A95E2208994000387366 /* NetworkService */ = {
			isa = PBXGroup;
			children = (
				64F7A95F2208995E00387366 /* NetworkService.swift */,
				64ED9DEE2208AFC600D67CEE /* MyFileManager.swift */,
			);
			path = NetworkService;
			sourceTree = "<group>";
		};
		64F7A96122089A6B00387366 /* PresentationLayer */ = {
			isa = PBXGroup;
			children = (
				64B58024220890A1000DFDF0 /* ViewController.swift */,
				64F7A96222089A9100387366 /* DetailsViewController.swift */,
				6499780522089EC100E5C7BB /* MovieCollectionViewCell.swift */,
			);
			path = PresentationLayer;
			sourceTree = "<group>";
		};
		C8ED9641C3B739728E9F63AB /* Pods */ = {
			isa = PBXGroup;
			children = (
				D8E4A16917740EDC4A9F3ACE /* Pods-MoviewDBTask.debug.xcconfig */,
				CD29F5BA10B028E3EAA2B64F /* Pods-MoviewDBTask.release.xcconfig */,
			);
			name = Pods;
			sourceTree = "<group>";
		};
/* End PBXGroup section */

/* Begin PBXNativeTarget section */
		64B5801E220890A1000DFDF0 /* MoviewDBTask */ = {
			isa = PBXNativeTarget;
			buildConfigurationList = 64B58031220890A6000DFDF0 /* Build configuration list for PBXNativeTarget "MoviewDBTask" */;
			buildPhases = (
				DB82E2CFEE3CCF45D866DFAF /* [CP] Check Pods Manifest.lock */,
				64B5801B220890A1000DFDF0 /* Sources */,
				64B5801C220890A1000DFDF0 /* Frameworks */,
				64B5801D220890A1000DFDF0 /* Resources */,
				70C53949925CD84C917B0422 /* [CP] Embed Pods Frameworks */,
			);
			buildRules = (
			);
			dependencies = (
			);
			name = MoviewDBTask;
			productName = MoviewDBTask;
			productReference = 64B5801F220890A1000DFDF0 /* MoviewDBTask.app */;
			productType = "com.apple.product-type.application";
		};
/* End PBXNativeTarget section */

/* Begin PBXProject section */
		64B58017220890A1000DFDF0 /* Project object */ = {
			isa = PBXProject;
			attributes = {
				LastSwiftUpdateCheck = 1010;
				LastUpgradeCheck = 1010;
				ORGANIZATIONNAME = Asim;
				TargetAttributes = {
					64B5801E220890A1000DFDF0 = {
						CreatedOnToolsVersion = 10.1;
					};
				};
			};
			buildConfigurationList = 64B5801A220890A1000DFDF0 /* Build configuration list for PBXProject "MoviewDBTask" */;
			compatibilityVersion = "Xcode 9.3";
			developmentRegion = en;
			hasScannedForEncodings = 0;
			knownRegions = (
				en,
				Base,
			);
			mainGroup = 64B58016220890A1000DFDF0;
			productRefGroup = 64B58020220890A1000DFDF0 /* Products */;
			projectDirPath = "";
			projectRoot = "";
			targets = (
				64B5801E220890A1000DFDF0 /* MoviewDBTask */,
			);
		};
/* End PBXProject section */

/* Begin PBXResourcesBuildPhase section */
		64B5801D220890A1000DFDF0 /* Resources */ = {
			isa = PBXResourcesBuildPhase;
			buildActionMask = 2147483647;
			files = (
				64B5802D220890A6000DFDF0 /* LaunchScreen.storyboard in Resources */,
				64ED9DF22208C4F400D67CEE /* sort.png in Resources */,
				64B5802A220890A6000DFDF0 /* Assets.xcassets in Resources */,
				64B58028220890A1000DFDF0 /* Main.storyboard in Resources */,
				64E92875220948FF00FABB41 /* no_image.png in Resources */,
			);
			runOnlyForDeploymentPostprocessing = 0;
		};
/* End PBXResourcesBuildPhase section */

/* Begin PBXShellScriptBuildPhase section */
		70C53949925CD84C917B0422 /* [CP] Embed Pods Frameworks */ = {
			isa = PBXShellScriptBuildPhase;
			buildActionMask = 2147483647;
			files = (
			);
			inputFileListPaths = (
			);
			inputPaths = (
				"${SRCROOT}/Pods/Target Support Files/Pods-MoviewDBTask/Pods-MoviewDBTask-frameworks.sh",
				"${BUILT_PRODUCTS_DIR}/Alamofire/Alamofire.framework",
			);
			name = "[CP] Embed Pods Frameworks";
			outputFileListPaths = (
			);
			outputPaths = (
				"${TARGET_BUILD_DIR}/${FRAMEWORKS_FOLDER_PATH}/Alamofire.framework",
			);
			runOnlyForDeploymentPostprocessing = 0;
			shellPath = /bin/sh;
			shellScript = "\"${SRCROOT}/Pods/Target Support Files/Pods-MoviewDBTask/Pods-MoviewDBTask-frameworks.sh\"\n";
			showEnvVarsInLog = 0;
		};
		DB82E2CFEE3CCF45D866DFAF /* [CP] Check Pods Manifest.lock */ = {
			isa = PBXShellScriptBuildPhase;
			buildActionMask = 2147483647;
			files = (
			);
			inputFileListPaths = (
			);
			inputPaths = (
				"${PODS_PODFILE_DIR_PATH}/Podfile.lock",
				"${PODS_ROOT}/Manifest.lock",
			);
			name = "[CP] Check Pods Manifest.lock";
			outputFileListPaths = (
			);
			outputPaths = (
				"$(DERIVED_FILE_DIR)/Pods-MoviewDBTask-checkManifestLockResult.txt",
			);
			runOnlyForDeploymentPostprocessing = 0;
			shellPath = /bin/sh;
			shellScript = "diff \"${PODS_PODFILE_DIR_PATH}/Podfile.lock\" \"${PODS_ROOT}/Manifest.lock\" > /dev/null\nif [ $? != 0 ] ; then\n    # print error to STDERR\n    echo \"error: The sandbox is not in sync with the Podfile.lock. Run 'pod install' or update your CocoaPods installation.\" >&2\n    exit 1\nfi\n# This output is used by Xcode 'outputs' to avoid re-running this script phase.\necho \"SUCCESS\" > \"${SCRIPT_OUTPUT_FILE_0}\"\n";
			showEnvVarsInLog = 0;
		};
/* End PBXShellScriptBuildPhase section */

/* Begin PBXSourcesBuildPhase section */
		64B5801B220890A1000DFDF0 /* Sources */ = {
			isa = PBXSourcesBuildPhase;
			buildActionMask = 2147483647;
			files = (
				64F7A9602208995E00387366 /* NetworkService.swift in Sources */,
				64B58025220890A1000DFDF0 /* ViewController.swift in Sources */,
				64E02F43220C099E00648C5B /* UIView.swift in Sources */,
				64F7A95D220897AF00387366 /* APIResponse.swift in Sources */,
				64B58023220890A1000DFDF0 /* AppDelegate.swift in Sources */,
				64E9287322093FEF00FABB41 /* MovieBL.swift in Sources */,
				64E02F40220BFB0A00648C5B /* APIConstants.swift in Sources */,
				6499780622089EC100E5C7BB /* MovieCollectionViewCell.swift in Sources */,
				64B580362208938B000DFDF0 /* Movie.swift in Sources */,
				64F7A96322089A9100387366 /* DetailsViewController.swift in Sources */,
				64ED9DEF2208AFC600D67CEE /* MyFileManager.swift in Sources */,
			);
			runOnlyForDeploymentPostprocessing = 0;
		};
/* End PBXSourcesBuildPhase section */

/* Begin PBXVariantGroup section */
		64B58026220890A1000DFDF0 /* Main.storyboard */ = {
			isa = PBXVariantGroup;
			children = (
				64B58027220890A1000DFDF0 /* Base */,
			);
			name = Main.storyboard;
			sourceTree = "<group>";
		};
		64B5802B220890A6000DFDF0 /* LaunchScreen.storyboard */ = {
			isa = PBXVariantGroup;
			children = (
				64B5802C220890A6000DFDF0 /* Base */,
			);
			name = LaunchScreen.storyboard;
			sourceTree = "<group>";
		};
/* End PBXVariantGroup section */

/* Begin XCBuildConfiguration section */
		64B5802F220890A6000DFDF0 /* Debug */ = {
			isa = XCBuildConfiguration;
			buildSettings = {
				ALWAYS_SEARCH_USER_PATHS = NO;
				CLANG_ANALYZER_NONNULL = YES;
				CLANG_ANALYZER_NUMBER_OBJECT_CONVERSION = YES_AGGRESSIVE;
				CLANG_CXX_LANGUAGE_STANDARD = "gnu++14";
				CLANG_CXX_LIBRARY = "libc++";
				CLANG_ENABLE_MODULES = YES;
				CLANG_ENABLE_OBJC_ARC = YES;
				CLANG_ENABLE_OBJC_WEAK = YES;
				CLANG_WARN_BLOCK_CAPTURE_AUTORELEASING = YES;
				CLANG_WARN_BOOL_CONVERSION = YES;
				CLANG_WARN_COMMA = YES;
				CLANG_WARN_CONSTANT_CONVERSION = YES;
				CLANG_WARN_DEPRECATED_OBJC_IMPLEMENTATIONS = YES;
				CLANG_WARN_DIRECT_OBJC_ISA_USAGE = YES_ERROR;
				CLANG_WARN_DOCUMENTATION_COMMENTS = YES;
				CLANG_WARN_EMPTY_BODY = YES;
				CLANG_WARN_ENUM_CONVERSION = YES;
				CLANG_WARN_INFINITE_RECURSION = YES;
				CLANG_WARN_INT_CONVERSION = YES;
				CLANG_WARN_NON_LITERAL_NULL_CONVERSION = YES;
				CLANG_WARN_OBJC_IMPLICIT_RETAIN_SELF = YES;
				CLANG_WARN_OBJC_LITERAL_CONVERSION = YES;
				CLANG_WARN_OBJC_ROOT_CLASS = YES_ERROR;
				CLANG_WARN_RANGE_LOOP_ANALYSIS = YES;
				CLANG_WARN_STRICT_PROTOTYPES = YES;
				CLANG_WARN_SUSPICIOUS_MOVE = YES;
				CLANG_WARN_UNGUARDED_AVAILABILITY = YES_AGGRESSIVE;
				CLANG_WARN_UNREACHABLE_CODE = YES;
				CLANG_WARN__DUPLICATE_METHOD_MATCH = YES;
				CODE_SIGN_IDENTITY = "iPhone Developer";
				COPY_PHASE_STRIP = NO;
				DEBUG_INFORMATION_FORMAT = dwarf;
				ENABLE_STRICT_OBJC_MSGSEND = YES;
				ENABLE_TESTABILITY = YES;
				GCC_C_LANGUAGE_STANDARD = gnu11;
				GCC_DYNAMIC_NO_PIC = NO;
				GCC_NO_COMMON_BLOCKS = YES;
				GCC_OPTIMIZATION_LEVEL = 0;
				GCC_PREPROCESSOR_DEFINITIONS = (
					"DEBUG=1",
					"$(inherited)",
				);
				GCC_WARN_64_TO_32_BIT_CONVERSION = YES;
				GCC_WARN_ABOUT_RETURN_TYPE = YES_ERROR;
				GCC_WARN_UNDECLARED_SELECTOR = YES;
				GCC_WARN_UNINITIALIZED_AUTOS = YES_AGGRESSIVE;
				GCC_WARN_UNUSED_FUNCTION = YES;
				GCC_WARN_UNUSED_VARIABLE = YES;
				IPHONEOS_DEPLOYMENT_TARGET = 12.1;
				MTL_ENABLE_DEBUG_INFO = INCLUDE_SOURCE;
				MTL_FAST_MATH = YES;
				ONLY_ACTIVE_ARCH = YES;
				SDKROOT = iphoneos;
				SWIFT_ACTIVE_COMPILATION_CONDITIONS = DEBUG;
				SWIFT_OPTIMIZATION_LEVEL = "-Onone";
			};
			name = Debug;
		};
		64B58030220890A6000DFDF0 /* Release */ = {
			isa = XCBuildConfiguration;
			buildSettings = {
				ALWAYS_SEARCH_USER_PATHS = NO;
				CLANG_ANALYZER_NONNULL = YES;
				CLANG_ANALYZER_NUMBER_OBJECT_CONVERSION = YES_AGGRESSIVE;
				CLANG_CXX_LANGUAGE_STANDARD = "gnu++14";
				CLANG_CXX_LIBRARY = "libc++";
				CLANG_ENABLE_MODULES = YES;
				CLANG_ENABLE_OBJC_ARC = YES;
				CLANG_ENABLE_OBJC_WEAK = YES;
				CLANG_WARN_BLOCK_CAPTURE_AUTORELEASING = YES;
				CLANG_WARN_BOOL_CONVERSION = YES;
				CLANG_WARN_COMMA = YES;
				CLANG_WARN_CONSTANT_CONVERSION = YES;
				CLANG_WARN_DEPRECATED_OBJC_IMPLEMENTATIONS = YES;
				CLANG_WARN_DIRECT_OBJC_ISA_USAGE = YES_ERROR;
				CLANG_WARN_DOCUMENTATION_COMMENTS = YES;
				CLANG_WARN_EMPTY_BODY = YES;
				CLANG_WARN_ENUM_CONVERSION = YES;
				CLANG_WARN_INFINITE_RECURSION = YES;
				CLANG_WARN_INT_CONVERSION = YES;
				CLANG_WARN_NON_LITERAL_NULL_CONVERSION = YES;
				CLANG_WARN_OBJC_IMPLICIT_RETAIN_SELF = YES;
				CLANG_WARN_OBJC_LITERAL_CONVERSION = YES;
				CLANG_WARN_OBJC_ROOT_CLASS = YES_ERROR;
				CLANG_WARN_RANGE_LOOP_ANALYSIS = YES;
				CLANG_WARN_STRICT_PROTOTYPES = YES;
				CLANG_WARN_SUSPICIOUS_MOVE = YES;
				CLANG_WARN_UNGUARDED_AVAILABILITY = YES_AGGRESSIVE;
				CLANG_WARN_UNREACHABLE_CODE = YES;
				CLANG_WARN__DUPLICATE_METHOD_MATCH = YES;
				CODE_SIGN_IDENTITY = "iPhone Developer";
				COPY_PHASE_STRIP = NO;
				DEBUG_INFORMATION_FORMAT = "dwarf-with-dsym";
				ENABLE_NS_ASSERTIONS = NO;
				ENABLE_STRICT_OBJC_MSGSEND = YES;
				GCC_C_LANGUAGE_STANDARD = gnu11;
				GCC_NO_COMMON_BLOCKS = YES;
				GCC_WARN_64_TO_32_BIT_CONVERSION = YES;
				GCC_WARN_ABOUT_RETURN_TYPE = YES_ERROR;
				GCC_WARN_UNDECLARED_SELECTOR = YES;
				GCC_WARN_UNINITIALIZED_AUTOS = YES_AGGRESSIVE;
				GCC_WARN_UNUSED_FUNCTION = YES;
				GCC_WARN_UNUSED_VARIABLE = YES;
				IPHONEOS_DEPLOYMENT_TARGET = 12.1;
				MTL_ENABLE_DEBUG_INFO = NO;
				MTL_FAST_MATH = YES;
				SDKROOT = iphoneos;
				SWIFT_COMPILATION_MODE = wholemodule;
				SWIFT_OPTIMIZATION_LEVEL = "-O";
				VALIDATE_PRODUCT = YES;
			};
			name = Release;
		};
		64B58032220890A6000DFDF0 /* Debug */ = {
			isa = XCBuildConfiguration;
			baseConfigurationReference = D8E4A16917740EDC4A9F3ACE /* Pods-MoviewDBTask.debug.xcconfig */;
			buildSettings = {
				ASSETCATALOG_COMPILER_APPICON_NAME = AppIcon;
				CODE_SIGN_STYLE = Automatic;
				DEVELOPMENT_TEAM = W2EQJ8FH6V;
				INFOPLIST_FILE = MoviewDBTask/Info.plist;
				IPHONEOS_DEPLOYMENT_TARGET = 10.0;
				LD_RUNPATH_SEARCH_PATHS = (
					"$(inherited)",
					"@executable_path/Frameworks",
				);
				PRODUCT_BUNDLE_IDENTIFIER = com.movieDB.asim.MoviewDBTask;
				PRODUCT_NAME = "$(TARGET_NAME)";
				SWIFT_VERSION = 4.2;
				TARGETED_DEVICE_FAMILY = "1,2";
			};
			name = Debug;
		};
		64B58033220890A6000DFDF0 /* Release */ = {
			isa = XCBuildConfiguration;
			baseConfigurationReference = CD29F5BA10B028E3EAA2B64F /* Pods-MoviewDBTask.release.xcconfig */;
			buildSettings = {
				ASSETCATALOG_COMPILER_APPICON_NAME = AppIcon;
				CODE_SIGN_STYLE = Automatic;
				DEVELOPMENT_TEAM = W2EQJ8FH6V;
				INFOPLIST_FILE = MoviewDBTask/Info.plist;
				IPHONEOS_DEPLOYMENT_TARGET = 10.0;
				LD_RUNPATH_SEARCH_PATHS = (
					"$(inherited)",
					"@executable_path/Frameworks",
				);
				PRODUCT_BUNDLE_IDENTIFIER = com.movieDB.asim.MoviewDBTask;
				PRODUCT_NAME = "$(TARGET_NAME)";
				SWIFT_VERSION = 4.2;
				TARGETED_DEVICE_FAMILY = "1,2";
			};
			name = Release;
		};
/* End XCBuildConfiguration section */

/* Begin XCConfigurationList section */
		64B5801A220890A1000DFDF0 /* Build configuration list for PBXProject "MoviewDBTask" */ = {
			isa = XCConfigurationList;
			buildConfigurations = (
				64B5802F220890A6000DFDF0 /* Debug */,
				64B58030220890A6000DFDF0 /* Release */,
			);
			defaultConfigurationIsVisible = 0;
			defaultConfigurationName = Release;
		};
		64B58031220890A6000DFDF0 /* Build configuration list for PBXNativeTarget "MoviewDBTask" */ = {
			isa = XCConfigurationList;
			buildConfigurations = (
				64B58032220890A6000DFDF0 /* Debug */,
				64B58033220890A6000DFDF0 /* Release */,
			);
			defaultConfigurationIsVisible = 0;
			defaultConfigurationName = Release;
		};
/* End XCConfigurationList section */
	};
	rootObject = 64B58017220890A1000DFDF0 /* Project object */;
}
